// !$*UTF8*$!
{
	archiveVersion = 1;
	classes = {
	};
	objectVersion = 50;
	objects = {

/* Begin PBXBuildFile section */
		963C48F9245C9BCA003D0EFE /* Color.swift in Sources */ = {isa = PBXBuildFile; fileRef = 963C48F8245C9BCA003D0EFE /* Color.swift */; };
		963C48FE245CBCF1003D0EFE /* View.swift in Sources */ = {isa = PBXBuildFile; fileRef = 963C48FD245CBCF1003D0EFE /* View.swift */; };
		964C8250241EE8EA00CD5C03 /* AppDelegate.swift in Sources */ = {isa = PBXBuildFile; fileRef = 964C824F241EE8EA00CD5C03 /* AppDelegate.swift */; };
		964C8252241EE8EA00CD5C03 /* SceneDelegate.swift in Sources */ = {isa = PBXBuildFile; fileRef = 964C8251241EE8EA00CD5C03 /* SceneDelegate.swift */; };
		964C8255241EE8EA00CD5C03 /* LemonIceKingIOS.xcdatamodeld in Sources */ = {isa = PBXBuildFile; fileRef = 964C8253241EE8EA00CD5C03 /* LemonIceKingIOS.xcdatamodeld */; };
		964C8257241EE8EA00CD5C03 /* ContentView.swift in Sources */ = {isa = PBXBuildFile; fileRef = 964C8256241EE8EA00CD5C03 /* ContentView.swift */; };
		964C8259241EE8EC00CD5C03 /* Assets.xcassets in Resources */ = {isa = PBXBuildFile; fileRef = 964C8258241EE8EC00CD5C03 /* Assets.xcassets */; };
		964C825C241EE8EC00CD5C03 /* Preview Assets.xcassets in Resources */ = {isa = PBXBuildFile; fileRef = 964C825B241EE8EC00CD5C03 /* Preview Assets.xcassets */; };
		964C825F241EE8EC00CD5C03 /* LaunchScreen.storyboard in Resources */ = {isa = PBXBuildFile; fileRef = 964C825D241EE8EC00CD5C03 /* LaunchScreen.storyboard */; };
		964C826A241EE8EC00CD5C03 /* LemonIceKingIOSTests.swift in Sources */ = {isa = PBXBuildFile; fileRef = 964C8269241EE8EC00CD5C03 /* LemonIceKingIOSTests.swift */; };
		964C8275241EE8EC00CD5C03 /* LemonIceKingIOSUITests.swift in Sources */ = {isa = PBXBuildFile; fileRef = 964C8274241EE8EC00CD5C03 /* LemonIceKingIOSUITests.swift */; };
		9652B6A92430E54E004DC3BC /* IceCustomCheckbox.swift in Sources */ = {isa = PBXBuildFile; fileRef = 9652B6A82430E54E004DC3BC /* IceCustomCheckbox.swift */; };
		968ECFBC2426A8E800D1D14B /* Flavor.swift in Sources */ = {isa = PBXBuildFile; fileRef = 968ECFBB2426A8E800D1D14B /* Flavor.swift */; };
		968ECFBE2426A8F400D1D14B /* FlavorStore.swift in Sources */ = {isa = PBXBuildFile; fileRef = 968ECFBD2426A8F400D1D14B /* FlavorStore.swift */; };
		96FEBCDC24D4985D00C4423D /* Navigation.swift in Sources */ = {isa = PBXBuildFile; fileRef = 96FEBCDB24D4985D00C4423D /* Navigation.swift */; };
/* End PBXBuildFile section */

/* Begin PBXContainerItemProxy section */
		964C8266241EE8EC00CD5C03 /* PBXContainerItemProxy */ = {
			isa = PBXContainerItemProxy;
			containerPortal = 964C8244241EE8EA00CD5C03 /* Project object */;
			proxyType = 1;
			remoteGlobalIDString = 964C824B241EE8EA00CD5C03;
			remoteInfo = LemonIceKingIOS;
		};
		964C8271241EE8EC00CD5C03 /* PBXContainerItemProxy */ = {
			isa = PBXContainerItemProxy;
			containerPortal = 964C8244241EE8EA00CD5C03 /* Project object */;
			proxyType = 1;
			remoteGlobalIDString = 964C824B241EE8EA00CD5C03;
			remoteInfo = LemonIceKingIOS;
		};
/* End PBXContainerItemProxy section */

/* Begin PBXFileReference section */
		963C48F8245C9BCA003D0EFE /* Color.swift */ = {isa = PBXFileReference; lastKnownFileType = sourcecode.swift; path = Color.swift; sourceTree = "<group>"; };
		963C48FD245CBCF1003D0EFE /* View.swift */ = {isa = PBXFileReference; lastKnownFileType = sourcecode.swift; path = View.swift; sourceTree = "<group>"; };
		964C824C241EE8EA00CD5C03 /* LemonIceKingIOS.app */ = {isa = PBXFileReference; explicitFileType = wrapper.application; includeInIndex = 0; path = LemonIceKingIOS.app; sourceTree = BUILT_PRODUCTS_DIR; };
		964C824F241EE8EA00CD5C03 /* AppDelegate.swift */ = {isa = PBXFileReference; lastKnownFileType = sourcecode.swift; path = AppDelegate.swift; sourceTree = "<group>"; };
		964C8251241EE8EA00CD5C03 /* SceneDelegate.swift */ = {isa = PBXFileReference; lastKnownFileType = sourcecode.swift; path = SceneDelegate.swift; sourceTree = "<group>"; };
		964C8254241EE8EA00CD5C03 /* LemonIceKingIOS.xcdatamodel */ = {isa = PBXFileReference; lastKnownFileType = wrapper.xcdatamodel; path = LemonIceKingIOS.xcdatamodel; sourceTree = "<group>"; };
		964C8256241EE8EA00CD5C03 /* ContentView.swift */ = {isa = PBXFileReference; lastKnownFileType = sourcecode.swift; path = ContentView.swift; sourceTree = "<group>"; };
		964C8258241EE8EC00CD5C03 /* Assets.xcassets */ = {isa = PBXFileReference; lastKnownFileType = folder.assetcatalog; path = Assets.xcassets; sourceTree = "<group>"; };
		964C825B241EE8EC00CD5C03 /* Preview Assets.xcassets */ = {isa = PBXFileReference; lastKnownFileType = folder.assetcatalog; path = "Preview Assets.xcassets"; sourceTree = "<group>"; };
		964C825E241EE8EC00CD5C03 /* Base */ = {isa = PBXFileReference; lastKnownFileType = file.storyboard; name = Base; path = Base.lproj/LaunchScreen.storyboard; sourceTree = "<group>"; };
		964C8260241EE8EC00CD5C03 /* Info.plist */ = {isa = PBXFileReference; lastKnownFileType = text.plist.xml; path = Info.plist; sourceTree = "<group>"; };
		964C8265241EE8EC00CD5C03 /* LemonIceKingIOSTests.xctest */ = {isa = PBXFileReference; explicitFileType = wrapper.cfbundle; includeInIndex = 0; path = LemonIceKingIOSTests.xctest; sourceTree = BUILT_PRODUCTS_DIR; };
		964C8269241EE8EC00CD5C03 /* LemonIceKingIOSTests.swift */ = {isa = PBXFileReference; lastKnownFileType = sourcecode.swift; path = LemonIceKingIOSTests.swift; sourceTree = "<group>"; };
		964C826B241EE8EC00CD5C03 /* Info.plist */ = {isa = PBXFileReference; lastKnownFileType = text.plist.xml; path = Info.plist; sourceTree = "<group>"; };
		964C8270241EE8EC00CD5C03 /* LemonIceKingIOSUITests.xctest */ = {isa = PBXFileReference; explicitFileType = wrapper.cfbundle; includeInIndex = 0; path = LemonIceKingIOSUITests.xctest; sourceTree = BUILT_PRODUCTS_DIR; };
		964C8274241EE8EC00CD5C03 /* LemonIceKingIOSUITests.swift */ = {isa = PBXFileReference; lastKnownFileType = sourcecode.swift; path = LemonIceKingIOSUITests.swift; sourceTree = "<group>"; };
		964C8276241EE8EC00CD5C03 /* Info.plist */ = {isa = PBXFileReference; lastKnownFileType = text.plist.xml; path = Info.plist; sourceTree = "<group>"; };
		9652B6A82430E54E004DC3BC /* IceCustomCheckbox.swift */ = {isa = PBXFileReference; lastKnownFileType = sourcecode.swift; path = IceCustomCheckbox.swift; sourceTree = "<group>"; };
		968ECFBB2426A8E800D1D14B /* Flavor.swift */ = {isa = PBXFileReference; lastKnownFileType = sourcecode.swift; path = Flavor.swift; sourceTree = "<group>"; };
		968ECFBD2426A8F400D1D14B /* FlavorStore.swift */ = {isa = PBXFileReference; lastKnownFileType = sourcecode.swift; path = FlavorStore.swift; sourceTree = "<group>"; };
		96FEBCDB24D4985D00C4423D /* Navigation.swift */ = {isa = PBXFileReference; lastKnownFileType = sourcecode.swift; path = Navigation.swift; sourceTree = "<group>"; };
/* End PBXFileReference section */

/* Begin PBXFrameworksBuildPhase section */
		964C8249241EE8EA00CD5C03 /* Frameworks */ = {
			isa = PBXFrameworksBuildPhase;
			buildActionMask = 2147483647;
			files = (
			);
			runOnlyForDeploymentPostprocessing = 0;
		};
		964C8262241EE8EC00CD5C03 /* Frameworks */ = {
			isa = PBXFrameworksBuildPhase;
			buildActionMask = 2147483647;
			files = (
			);
			runOnlyForDeploymentPostprocessing = 0;
		};
		964C826D241EE8EC00CD5C03 /* Frameworks */ = {
			isa = PBXFrameworksBuildPhase;
			buildActionMask = 2147483647;
			files = (
			);
			runOnlyForDeploymentPostprocessing = 0;
		};
/* End PBXFrameworksBuildPhase section */

/* Begin PBXGroup section */
		963C48F7245C9BA5003D0EFE /* Extensions */ = {
			isa = PBXGroup;
			children = (
				963C48F8245C9BCA003D0EFE /* Color.swift */,
				963C48FD245CBCF1003D0EFE /* View.swift */,
			);
			path = Extensions;
			sourceTree = "<group>";
		};
		964C8243241EE8EA00CD5C03 = {
			isa = PBXGroup;
			children = (
				964C824E241EE8EA00CD5C03 /* LemonIceKingIOS */,
				964C8268241EE8EC00CD5C03 /* LemonIceKingIOSTests */,
				964C8273241EE8EC00CD5C03 /* LemonIceKingIOSUITests */,
				964C824D241EE8EA00CD5C03 /* Products */,
			);
			sourceTree = "<group>";
		};
		964C824D241EE8EA00CD5C03 /* Products */ = {
			isa = PBXGroup;
			children = (
				964C824C241EE8EA00CD5C03 /* LemonIceKingIOS.app */,
				964C8265241EE8EC00CD5C03 /* LemonIceKingIOSTests.xctest */,
				964C8270241EE8EC00CD5C03 /* LemonIceKingIOSUITests.xctest */,
			);
			name = Products;
			sourceTree = "<group>";
		};
		964C824E241EE8EA00CD5C03 /* LemonIceKingIOS */ = {
			isa = PBXGroup;
			children = (
				96FEBCDA24D4983D00C4423D /* Configuration */,
				963C48F7245C9BA5003D0EFE /* Extensions */,
				968ECFBA2426A8D900D1D14B /* Models */,
				964C824F241EE8EA00CD5C03 /* AppDelegate.swift */,
				964C8251241EE8EA00CD5C03 /* SceneDelegate.swift */,
				964C8256241EE8EA00CD5C03 /* ContentView.swift */,
				9652B6A82430E54E004DC3BC /* IceCustomCheckbox.swift */,
				964C8258241EE8EC00CD5C03 /* Assets.xcassets */,
				964C825D241EE8EC00CD5C03 /* LaunchScreen.storyboard */,
				964C8260241EE8EC00CD5C03 /* Info.plist */,
				964C8253241EE8EA00CD5C03 /* LemonIceKingIOS.xcdatamodeld */,
				964C825A241EE8EC00CD5C03 /* Preview Content */,
			);
			path = LemonIceKingIOS;
			sourceTree = "<group>";
		};
		964C825A241EE8EC00CD5C03 /* Preview Content */ = {
			isa = PBXGroup;
			children = (
				964C825B241EE8EC00CD5C03 /* Preview Assets.xcassets */,
			);
			path = "Preview Content";
			sourceTree = "<group>";
		};
		964C8268241EE8EC00CD5C03 /* LemonIceKingIOSTests */ = {
			isa = PBXGroup;
			children = (
				964C8269241EE8EC00CD5C03 /* LemonIceKingIOSTests.swift */,
				964C826B241EE8EC00CD5C03 /* Info.plist */,
			);
			path = LemonIceKingIOSTests;
			sourceTree = "<group>";
		};
		964C8273241EE8EC00CD5C03 /* LemonIceKingIOSUITests */ = {
			isa = PBXGroup;
			children = (
				964C8274241EE8EC00CD5C03 /* LemonIceKingIOSUITests.swift */,
				964C8276241EE8EC00CD5C03 /* Info.plist */,
			);
			path = LemonIceKingIOSUITests;
			sourceTree = "<group>";
		};
		968ECFBA2426A8D900D1D14B /* Models */ = {
			isa = PBXGroup;
			children = (
				968ECFBB2426A8E800D1D14B /* Flavor.swift */,
				968ECFBD2426A8F400D1D14B /* FlavorStore.swift */,
			);
			path = Models;
			sourceTree = "<group>";
		};
		96FEBCDA24D4983D00C4423D /* Configuration */ = {
			isa = PBXGroup;
			children = (
				96FEBCDB24D4985D00C4423D /* Navigation.swift */,
			);
			path = Configuration;
			sourceTree = "<group>";
		};
/* End PBXGroup section */

/* Begin PBXNativeTarget section */
		964C824B241EE8EA00CD5C03 /* LemonIceKingIOS */ = {
			isa = PBXNativeTarget;
			buildConfigurationList = 964C8279241EE8EC00CD5C03 /* Build configuration list for PBXNativeTarget "LemonIceKingIOS" */;
			buildPhases = (
				964C8248241EE8EA00CD5C03 /* Sources */,
				964C8249241EE8EA00CD5C03 /* Frameworks */,
				964C824A241EE8EA00CD5C03 /* Resources */,
			);
			buildRules = (
			);
			dependencies = (
			);
			name = LemonIceKingIOS;
			productName = LemonIceKingIOS;
			productReference = 964C824C241EE8EA00CD5C03 /* LemonIceKingIOS.app */;
			productType = "com.apple.product-type.application";
		};
		964C8264241EE8EC00CD5C03 /* LemonIceKingIOSTests */ = {
			isa = PBXNativeTarget;
			buildConfigurationList = 964C827C241EE8EC00CD5C03 /* Build configuration list for PBXNativeTarget "LemonIceKingIOSTests" */;
			buildPhases = (
				964C8261241EE8EC00CD5C03 /* Sources */,
				964C8262241EE8EC00CD5C03 /* Frameworks */,
				964C8263241EE8EC00CD5C03 /* Resources */,
			);
			buildRules = (
			);
			dependencies = (
				964C8267241EE8EC00CD5C03 /* PBXTargetDependency */,
			);
			name = LemonIceKingIOSTests;
			productName = LemonIceKingIOSTests;
			productReference = 964C8265241EE8EC00CD5C03 /* LemonIceKingIOSTests.xctest */;
			productType = "com.apple.product-type.bundle.unit-test";
		};
		964C826F241EE8EC00CD5C03 /* LemonIceKingIOSUITests */ = {
			isa = PBXNativeTarget;
			buildConfigurationList = 964C827F241EE8EC00CD5C03 /* Build configuration list for PBXNativeTarget "LemonIceKingIOSUITests" */;
			buildPhases = (
				964C826C241EE8EC00CD5C03 /* Sources */,
				964C826D241EE8EC00CD5C03 /* Frameworks */,
				964C826E241EE8EC00CD5C03 /* Resources */,
			);
			buildRules = (
			);
			dependencies = (
				964C8272241EE8EC00CD5C03 /* PBXTargetDependency */,
			);
			name = LemonIceKingIOSUITests;
			productName = LemonIceKingIOSUITests;
			productReference = 964C8270241EE8EC00CD5C03 /* LemonIceKingIOSUITests.xctest */;
			productType = "com.apple.product-type.bundle.ui-testing";
		};
/* End PBXNativeTarget section */

/* Begin PBXProject section */
		964C8244241EE8EA00CD5C03 /* Project object */ = {
			isa = PBXProject;
			attributes = {
				LastSwiftUpdateCheck = 1130;
				LastUpgradeCheck = 1130;
				ORGANIZATIONNAME = "Cindy Michalowski";
				TargetAttributes = {
					964C824B241EE8EA00CD5C03 = {
						CreatedOnToolsVersion = 11.3.1;
					};
					964C8264241EE8EC00CD5C03 = {
						CreatedOnToolsVersion = 11.3.1;
						TestTargetID = 964C824B241EE8EA00CD5C03;
					};
					964C826F241EE8EC00CD5C03 = {
						CreatedOnToolsVersion = 11.3.1;
						TestTargetID = 964C824B241EE8EA00CD5C03;
					};
				};
			};
			buildConfigurationList = 964C8247241EE8EA00CD5C03 /* Build configuration list for PBXProject "LemonIceKingIOS" */;
			compatibilityVersion = "Xcode 9.3";
			developmentRegion = en;
			hasScannedForEncodings = 0;
			knownRegions = (
				en,
				Base,
			);
			mainGroup = 964C8243241EE8EA00CD5C03;
			productRefGroup = 964C824D241EE8EA00CD5C03 /* Products */;
			projectDirPath = "";
			projectRoot = "";
			targets = (
				964C824B241EE8EA00CD5C03 /* LemonIceKingIOS */,
				964C8264241EE8EC00CD5C03 /* LemonIceKingIOSTests */,
				964C826F241EE8EC00CD5C03 /* LemonIceKingIOSUITests */,
			);
		};
/* End PBXProject section */

/* Begin PBXResourcesBuildPhase section */
		964C824A241EE8EA00CD5C03 /* Resources */ = {
			isa = PBXResourcesBuildPhase;
			buildActionMask = 2147483647;
			files = (
				964C825F241EE8EC00CD5C03 /* LaunchScreen.storyboard in Resources */,
				964C825C241EE8EC00CD5C03 /* Preview Assets.xcassets in Resources */,
				964C8259241EE8EC00CD5C03 /* Assets.xcassets in Resources */,
			);
			runOnlyForDeploymentPostprocessing = 0;
		};
		964C8263241EE8EC00CD5C03 /* Resources */ = {
			isa = PBXResourcesBuildPhase;
			buildActionMask = 2147483647;
			files = (
			);
			runOnlyForDeploymentPostprocessing = 0;
		};
		964C826E241EE8EC00CD5C03 /* Resources */ = {
			isa = PBXResourcesBuildPhase;
			buildActionMask = 2147483647;
			files = (
			);
			runOnlyForDeploymentPostprocessing = 0;
		};
/* End PBXResourcesBuildPhase section */

/* Begin PBXSourcesBuildPhase section */
		964C8248241EE8EA00CD5C03 /* Sources */ = {
			isa = PBXSourcesBuildPhase;
			buildActionMask = 2147483647;
			files = (
				964C8250241EE8EA00CD5C03 /* AppDelegate.swift in Sources */,
				9652B6A92430E54E004DC3BC /* IceCustomCheckbox.swift in Sources */,
				963C48FE245CBCF1003D0EFE /* View.swift in Sources */,
				964C8252241EE8EA00CD5C03 /* SceneDelegate.swift in Sources */,
				968ECFBC2426A8E800D1D14B /* Flavor.swift in Sources */,
				964C8257241EE8EA00CD5C03 /* ContentView.swift in Sources */,
				963C48F9245C9BCA003D0EFE /* Color.swift in Sources */,
				96FEBCDC24D4985D00C4423D /* Navigation.swift in Sources */,
				964C8255241EE8EA00CD5C03 /* LemonIceKingIOS.xcdatamodeld in Sources */,
				968ECFBE2426A8F400D1D14B /* FlavorStore.swift in Sources */,
			);
			runOnlyForDeploymentPostprocessing = 0;
		};
		964C8261241EE8EC00CD5C03 /* Sources */ = {
			isa = PBXSourcesBuildPhase;
			buildActionMask = 2147483647;
			files = (
				964C826A241EE8EC00CD5C03 /* LemonIceKingIOSTests.swift in Sources */,
			);
			runOnlyForDeploymentPostprocessing = 0;
		};
		964C826C241EE8EC00CD5C03 /* Sources */ = {
			isa = PBXSourcesBuildPhase;
			buildActionMask = 2147483647;
			files = (
				964C8275241EE8EC00CD5C03 /* LemonIceKingIOSUITests.swift in Sources */,
			);
			runOnlyForDeploymentPostprocessing = 0;
		};
/* End PBXSourcesBuildPhase section */

/* Begin PBXTargetDependency section */
		964C8267241EE8EC00CD5C03 /* PBXTargetDependency */ = {
			isa = PBXTargetDependency;
			target = 964C824B241EE8EA00CD5C03 /* LemonIceKingIOS */;
			targetProxy = 964C8266241EE8EC00CD5C03 /* PBXContainerItemProxy */;
		};
		964C8272241EE8EC00CD5C03 /* PBXTargetDependency */ = {
			isa = PBXTargetDependency;
			target = 964C824B241EE8EA00CD5C03 /* LemonIceKingIOS */;
			targetProxy = 964C8271241EE8EC00CD5C03 /* PBXContainerItemProxy */;
		};
/* End PBXTargetDependency section */

/* Begin PBXVariantGroup section */
		964C825D241EE8EC00CD5C03 /* LaunchScreen.storyboard */ = {
			isa = PBXVariantGroup;
			children = (
				964C825E241EE8EC00CD5C03 /* Base */,
			);
			name = LaunchScreen.storyboard;
			sourceTree = "<group>";
		};
/* End PBXVariantGroup section */

/* Begin XCBuildConfiguration section */
		964C8277241EE8EC00CD5C03 /* Debug */ = {
			isa = XCBuildConfiguration;
			buildSettings = {
				ALWAYS_SEARCH_USER_PATHS = NO;
				CLANG_ANALYZER_NONNULL = YES;
				CLANG_ANALYZER_NUMBER_OBJECT_CONVERSION = YES_AGGRESSIVE;
				CLANG_CXX_LANGUAGE_STANDARD = "gnu++14";
				CLANG_CXX_LIBRARY = "libc++";
				CLANG_ENABLE_MODULES = YES;
				CLANG_ENABLE_OBJC_ARC = YES;
				CLANG_ENABLE_OBJC_WEAK = YES;
				CLANG_WARN_BLOCK_CAPTURE_AUTORELEASING = YES;
				CLANG_WARN_BOOL_CONVERSION = YES;
				CLANG_WARN_COMMA = YES;
				CLANG_WARN_CONSTANT_CONVERSION = YES;
				CLANG_WARN_DEPRECATED_OBJC_IMPLEMENTATIONS = YES;
				CLANG_WARN_DIRECT_OBJC_ISA_USAGE = YES_ERROR;
				CLANG_WARN_DOCUMENTATION_COMMENTS = YES;
				CLANG_WARN_EMPTY_BODY = YES;
				CLANG_WARN_ENUM_CONVERSION = YES;
				CLANG_WARN_INFINITE_RECURSION = YES;
				CLANG_WARN_INT_CONVERSION = YES;
				CLANG_WARN_NON_LITERAL_NULL_CONVERSION = YES;
				CLANG_WARN_OBJC_IMPLICIT_RETAIN_SELF = YES;
				CLANG_WARN_OBJC_LITERAL_CONVERSION = YES;
				CLANG_WARN_OBJC_ROOT_CLASS = YES_ERROR;
				CLANG_WARN_RANGE_LOOP_ANALYSIS = YES;
				CLANG_WARN_STRICT_PROTOTYPES = YES;
				CLANG_WARN_SUSPICIOUS_MOVE = YES;
				CLANG_WARN_UNGUARDED_AVAILABILITY = YES_AGGRESSIVE;
				CLANG_WARN_UNREACHABLE_CODE = YES;
				CLANG_WARN__DUPLICATE_METHOD_MATCH = YES;
				COPY_PHASE_STRIP = NO;
				DEBUG_INFORMATION_FORMAT = dwarf;
				ENABLE_STRICT_OBJC_MSGSEND = YES;
				ENABLE_TESTABILITY = YES;
				GCC_C_LANGUAGE_STANDARD = gnu11;
				GCC_DYNAMIC_NO_PIC = NO;
				GCC_NO_COMMON_BLOCKS = YES;
				GCC_OPTIMIZATION_LEVEL = 0;
				GCC_PREPROCESSOR_DEFINITIONS = (
					"DEBUG=1",
					"$(inherited)",
				);
				GCC_WARN_64_TO_32_BIT_CONVERSION = YES;
				GCC_WARN_ABOUT_RETURN_TYPE = YES_ERROR;
				GCC_WARN_UNDECLARED_SELECTOR = YES;
				GCC_WARN_UNINITIALIZED_AUTOS = YES_AGGRESSIVE;
				GCC_WARN_UNUSED_FUNCTION = YES;
				GCC_WARN_UNUSED_VARIABLE = YES;
				IPHONEOS_DEPLOYMENT_TARGET = 13.2;
				MTL_ENABLE_DEBUG_INFO = INCLUDE_SOURCE;
				MTL_FAST_MATH = YES;
				ONLY_ACTIVE_ARCH = YES;
				SDKROOT = iphoneos;
				SWIFT_ACTIVE_COMPILATION_CONDITIONS = DEBUG;
				SWIFT_OPTIMIZATION_LEVEL = "-Onone";
			};
			name = Debug;
		};
		964C8278241EE8EC00CD5C03 /* Release */ = {
			isa = XCBuildConfiguration;
			buildSettings = {
				ALWAYS_SEARCH_USER_PATHS = NO;
				CLANG_ANALYZER_NONNULL = YES;
				CLANG_ANALYZER_NUMBER_OBJECT_CONVERSION = YES_AGGRESSIVE;
				CLANG_CXX_LANGUAGE_STANDARD = "gnu++14";
				CLANG_CXX_LIBRARY = "libc++";
				CLANG_ENABLE_MODULES = YES;
				CLANG_ENABLE_OBJC_ARC = YES;
				CLANG_ENABLE_OBJC_WEAK = YES;
				CLANG_WARN_BLOCK_CAPTURE_AUTORELEASING = YES;
				CLANG_WARN_BOOL_CONVERSION = YES;
				CLANG_WARN_COMMA = YES;
				CLANG_WARN_CONSTANT_CONVERSION = YES;
				CLANG_WARN_DEPRECATED_OBJC_IMPLEMENTATIONS = YES;
				CLANG_WARN_DIRECT_OBJC_ISA_USAGE = YES_ERROR;
				CLANG_WARN_DOCUMENTATION_COMMENTS = YES;
				CLANG_WARN_EMPTY_BODY = YES;
				CLANG_WARN_ENUM_CONVERSION = YES;
				CLANG_WARN_INFINITE_RECURSION = YES;
				CLANG_WARN_INT_CONVERSION = YES;
				CLANG_WARN_NON_LITERAL_NULL_CONVERSION = YES;
				CLANG_WARN_OBJC_IMPLICIT_RETAIN_SELF = YES;
				CLANG_WARN_OBJC_LITERAL_CONVERSION = YES;
				CLANG_WARN_OBJC_ROOT_CLASS = YES_ERROR;
				CLANG_WARN_RANGE_LOOP_ANALYSIS = YES;
				CLANG_WARN_STRICT_PROTOTYPES = YES;
				CLANG_WARN_SUSPICIOUS_MOVE = YES;
				CLANG_WARN_UNGUARDED_AVAILABILITY = YES_AGGRESSIVE;
				CLANG_WARN_UNREACHABLE_CODE = YES;
				CLANG_WARN__DUPLICATE_METHOD_MATCH = YES;
				COPY_PHASE_STRIP = NO;
				DEBUG_INFORMATION_FORMAT = "dwarf-with-dsym";
				ENABLE_NS_ASSERTIONS = NO;
				ENABLE_STRICT_OBJC_MSGSEND = YES;
				GCC_C_LANGUAGE_STANDARD = gnu11;
				GCC_NO_COMMON_BLOCKS = YES;
				GCC_WARN_64_TO_32_BIT_CONVERSION = YES;
				GCC_WARN_ABOUT_RETURN_TYPE = YES_ERROR;
				GCC_WARN_UNDECLARED_SELECTOR = YES;
				GCC_WARN_UNINITIALIZED_AUTOS = YES_AGGRESSIVE;
				GCC_WARN_UNUSED_FUNCTION = YES;
				GCC_WARN_UNUSED_VARIABLE = YES;
				IPHONEOS_DEPLOYMENT_TARGET = 13.2;
				MTL_ENABLE_DEBUG_INFO = NO;
				MTL_FAST_MATH = YES;
				SDKROOT = iphoneos;
				SWIFT_COMPILATION_MODE = wholemodule;
				SWIFT_OPTIMIZATION_LEVEL = "-O";
				VALIDATE_PRODUCT = YES;
			};
			name = Release;
		};
		964C827A241EE8EC00CD5C03 /* Debug */ = {
			isa = XCBuildConfiguration;
			buildSettings = {
				ASSETCATALOG_COMPILER_APPICON_NAME = AppIcon;
				CODE_SIGN_STYLE = Automatic;
				DEVELOPMENT_ASSET_PATHS = "\"LemonIceKingIOS/Preview Content\"";
				DEVELOPMENT_TEAM = FRQ5Q2CGDN;
				ENABLE_PREVIEWS = YES;
				INFOPLIST_FILE = LemonIceKingIOS/Info.plist;
				LD_RUNPATH_SEARCH_PATHS = (
					"$(inherited)",
					"@executable_path/Frameworks",
				);
				PRODUCT_BUNDLE_IDENTIFIER = threeniceboys.cws.LemonIceKingIOS;
				PRODUCT_NAME = "$(TARGET_NAME)";
				SWIFT_VERSION = 5.0;
				TARGETED_DEVICE_FAMILY = "1,2";
			};
			name = Debug;
		};
		964C827B241EE8EC00CD5C03 /* Release */ = {
			isa = XCBuildConfiguration;
			buildSettings = {
				ASSETCATALOG_COMPILER_APPICON_NAME = AppIcon;
				CODE_SIGN_STYLE = Automatic;
				DEVELOPMENT_ASSET_PATHS = "\"LemonIceKingIOS/Preview Content\"";
				DEVELOPMENT_TEAM = FRQ5Q2CGDN;
				ENABLE_PREVIEWS = YES;
				INFOPLIST_FILE = LemonIceKingIOS/Info.plist;
				LD_RUNPATH_SEARCH_PATHS = (
					"$(inherited)",
					"@executable_path/Frameworks",
				);
				PRODUCT_BUNDLE_IDENTIFIER = threeniceboys.cws.LemonIceKingIOS;
				PRODUCT_NAME = "$(TARGET_NAME)";
				SWIFT_VERSION = 5.0;
				TARGETED_DEVICE_FAMILY = "1,2";
			};
			name = Release;
		};
		964C827D241EE8EC00CD5C03 /* Debug */ = {
			isa = XCBuildConfiguration;
			buildSettings = {
				ALWAYS_EMBED_SWIFT_STANDARD_LIBRARIES = YES;
				BUNDLE_LOADER = "$(TEST_HOST)";
				CODE_SIGN_STYLE = Automatic;
				DEVELOPMENT_TEAM = FRQ5Q2CGDN;
				INFOPLIST_FILE = LemonIceKingIOSTests/Info.plist;
				IPHONEOS_DEPLOYMENT_TARGET = 13.2;
				LD_RUNPATH_SEARCH_PATHS = (
					"$(inherited)",
					"@executable_path/Frameworks",
					"@loader_path/Frameworks",
				);
				PRODUCT_BUNDLE_IDENTIFIER = threeniceboys.cws.LemonIceKingIOSTests;
				PRODUCT_NAME = "$(TARGET_NAME)";
				SWIFT_VERSION = 5.0;
				TARGETED_DEVICE_FAMILY = "1,2";
				TEST_HOST = "$(BUILT_PRODUCTS_DIR)/LemonIceKingIOS.app/LemonIceKingIOS";
			};
			name = Debug;
		};
		964C827E241EE8EC00CD5C03 /* Release */ = {
			isa = XCBuildConfiguration;
			buildSettings = {
				ALWAYS_EMBED_SWIFT_STANDARD_LIBRARIES = YES;
				BUNDLE_LOADER = "$(TEST_HOST)";
				CODE_SIGN_STYLE = Automatic;
				DEVELOPMENT_TEAM = FRQ5Q2CGDN;
				INFOPLIST_FILE = LemonIceKingIOSTests/Info.plist;
				IPHONEOS_DEPLOYMENT_TARGET = 13.2;
				LD_RUNPATH_SEARCH_PATHS = (
					"$(inherited)",
					"@executable_path/Frameworks",
					"@loader_path/Frameworks",
				);
				PRODUCT_BUNDLE_IDENTIFIER = threeniceboys.cws.LemonIceKingIOSTests;
				PRODUCT_NAME = "$(TARGET_NAME)";
				SWIFT_VERSION = 5.0;
				TARGETED_DEVICE_FAMILY = "1,2";
				TEST_HOST = "$(BUILT_PRODUCTS_DIR)/LemonIceKingIOS.app/LemonIceKingIOS";
			};
			name = Release;
		};
		964C8280241EE8EC00CD5C03 /* Debug */ = {
			isa = XCBuildConfiguration;
			buildSettings = {
				ALWAYS_EMBED_SWIFT_STANDARD_LIBRARIES = YES;
				CODE_SIGN_STYLE = Automatic;
				DEVELOPMENT_TEAM = FRQ5Q2CGDN;
				INFOPLIST_FILE = LemonIceKingIOSUITests/Info.plist;
				LD_RUNPATH_SEARCH_PATHS = (
					"$(inherited)",
					"@executable_path/Frameworks",
					"@loader_path/Frameworks",
				);
				PRODUCT_BUNDLE_IDENTIFIER = threeniceboys.cws.LemonIceKingIOSUITests;
				PRODUCT_NAME = "$(TARGET_NAME)";
				SWIFT_VERSION = 5.0;
				TARGETED_DEVICE_FAMILY = "1,2";
				TEST_TARGET_NAME = LemonIceKingIOS;
			};
			name = Debug;
		};
		964C8281241EE8EC00CD5C03 /* Release */ = {
			isa = XCBuildConfiguration;
			buildSettings = {
				ALWAYS_EMBED_SWIFT_STANDARD_LIBRARIES = YES;
				CODE_SIGN_STYLE = Automatic;
				DEVELOPMENT_TEAM = FRQ5Q2CGDN;
				INFOPLIST_FILE = LemonIceKingIOSUITests/Info.plist;
				LD_RUNPATH_SEARCH_PATHS = (
					"$(inherited)",
					"@executable_path/Frameworks",
					"@loader_path/Frameworks",
				);
				PRODUCT_BUNDLE_IDENTIFIER = threeniceboys.cws.LemonIceKingIOSUITests;
				PRODUCT_NAME = "$(TARGET_NAME)";
				SWIFT_VERSION = 5.0;
				TARGETED_DEVICE_FAMILY = "1,2";
				TEST_TARGET_NAME = LemonIceKingIOS;
			};
			name = Release;
		};
/* End XCBuildConfiguration section */

/* Begin XCConfigurationList section */
		964C8247241EE8EA00CD5C03 /* Build configuration list for PBXProject "LemonIceKingIOS" */ = {
			isa = XCConfigurationList;
			buildConfigurations = (
				964C8277241EE8EC00CD5C03 /* Debug */,
				964C8278241EE8EC00CD5C03 /* Release */,
			);
			defaultConfigurationIsVisible = 0;
			defaultConfigurationName = Release;
		};
		964C8279241EE8EC00CD5C03 /* Build configuration list for PBXNativeTarget "LemonIceKingIOS" */ = {
			isa = XCConfigurationList;
			buildConfigurations = (
				964C827A241EE8EC00CD5C03 /* Debug */,
				964C827B241EE8EC00CD5C03 /* Release */,
			);
			defaultConfigurationIsVisible = 0;
			defaultConfigurationName = Release;
		};
		964C827C241EE8EC00CD5C03 /* Build configuration list for PBXNativeTarget "LemonIceKingIOSTests" */ = {
			isa = XCConfigurationList;
			buildConfigurations = (
				964C827D241EE8EC00CD5C03 /* Debug */,
				964C827E241EE8EC00CD5C03 /* Release */,
			);
			defaultConfigurationIsVisible = 0;
			defaultConfigurationName = Release;
		};
		964C827F241EE8EC00CD5C03 /* Build configuration list for PBXNativeTarget "LemonIceKingIOSUITests" */ = {
			isa = XCConfigurationList;
			buildConfigurations = (
				964C8280241EE8EC00CD5C03 /* Debug */,
				964C8281241EE8EC00CD5C03 /* Release */,
			);
			defaultConfigurationIsVisible = 0;
			defaultConfigurationName = Release;
		};
/* End XCConfigurationList section */

/* Begin XCVersionGroup section */
		964C8253241EE8EA00CD5C03 /* LemonIceKingIOS.xcdatamodeld */ = {
			isa = XCVersionGroup;
			children = (
				964C8254241EE8EA00CD5C03 /* LemonIceKingIOS.xcdatamodel */,
			);
			currentVersion = 964C8254241EE8EA00CD5C03 /* LemonIceKingIOS.xcdatamodel */;
			path = LemonIceKingIOS.xcdatamodeld;
			sourceTree = "<group>";
			versionGroupType = wrapper.xcdatamodel;
		};
/* End XCVersionGroup section */
	};
	rootObject = 964C8244241EE8EA00CD5C03 /* Project object */;
}
